// !$*UTF8*$!
{
	archiveVersion = 1;
	classes = {
	};
	objectVersion = 55;
	objects = {

/* Begin PBXBuildFile section */
		752C498A284FB99E009FEE9D /* ContainerViewController.swift in Sources */ = {isa = PBXBuildFile; fileRef = 752C4989284FB99E009FEE9D /* ContainerViewController.swift */; };
		75633780284D3AF900FE1A55 /* PopularBrandsCollectionViewController.swift in Sources */ = {isa = PBXBuildFile; fileRef = 7563377F284D3AF900FE1A55 /* PopularBrandsCollectionViewController.swift */; };
		75AC4E55284E689100889BA0 /* PopularBrandsCollectionViewCell.swift in Sources */ = {isa = PBXBuildFile; fileRef = 75AC4E54284E689100889BA0 /* PopularBrandsCollectionViewCell.swift */; };
		75B0B823284BEFA2003D5390 /* MainScreenViewController.swift in Sources */ = {isa = PBXBuildFile; fileRef = 75B0B822284BEFA2003D5390 /* MainScreenViewController.swift */; };
		75B0B825284BEFCE003D5390 /* MainScreenUIView.swift in Sources */ = {isa = PBXBuildFile; fileRef = 75B0B824284BEFCE003D5390 /* MainScreenUIView.swift */; };
		75B9302528315867003C09A3 /* AppDelegate.swift in Sources */ = {isa = PBXBuildFile; fileRef = 75B9302428315867003C09A3 /* AppDelegate.swift */; };
		75B9302728315867003C09A3 /* SceneDelegate.swift in Sources */ = {isa = PBXBuildFile; fileRef = 75B9302628315867003C09A3 /* SceneDelegate.swift */; };
		75B9302928315867003C09A3 /* ViewController.swift in Sources */ = {isa = PBXBuildFile; fileRef = 75B9302828315867003C09A3 /* ViewController.swift */; };
		75B9302C28315867003C09A3 /* Main.storyboard in Resources */ = {isa = PBXBuildFile; fileRef = 75B9302A28315867003C09A3 /* Main.storyboard */; };
		75B9302E28315869003C09A3 /* Assets.xcassets in Resources */ = {isa = PBXBuildFile; fileRef = 75B9302D28315869003C09A3 /* Assets.xcassets */; };
		75B9303128315869003C09A3 /* LaunchScreen.storyboard in Resources */ = {isa = PBXBuildFile; fileRef = 75B9302F28315869003C09A3 /* LaunchScreen.storyboard */; };
		75B9303A283158CF003C09A3 /* RegistrationScreenViewController.swift in Sources */ = {isa = PBXBuildFile; fileRef = 75B93039283158CF003C09A3 /* RegistrationScreenViewController.swift */; };
		75B9303C28315909003C09A3 /* RegistrationScreenUIView.swift in Sources */ = {isa = PBXBuildFile; fileRef = 75B9303B28315909003C09A3 /* RegistrationScreenUIView.swift */; };
/* End PBXBuildFile section */

/* Begin PBXFileReference section */
		752C4989284FB99E009FEE9D /* ContainerViewController.swift */ = {isa = PBXFileReference; lastKnownFileType = sourcecode.swift; path = ContainerViewController.swift; sourceTree = "<group>"; };
		7563377F284D3AF900FE1A55 /* PopularBrandsCollectionViewController.swift */ = {isa = PBXFileReference; lastKnownFileType = sourcecode.swift; path = PopularBrandsCollectionViewController.swift; sourceTree = "<group>"; };
		75AC4E54284E689100889BA0 /* PopularBrandsCollectionViewCell.swift */ = {isa = PBXFileReference; lastKnownFileType = sourcecode.swift; path = PopularBrandsCollectionViewCell.swift; sourceTree = "<group>"; };
		75B0B822284BEFA2003D5390 /* MainScreenViewController.swift */ = {isa = PBXFileReference; lastKnownFileType = sourcecode.swift; path = MainScreenViewController.swift; sourceTree = "<group>"; };
		75B0B824284BEFCE003D5390 /* MainScreenUIView.swift */ = {isa = PBXFileReference; lastKnownFileType = sourcecode.swift; path = MainScreenUIView.swift; sourceTree = "<group>"; };
		75B9302128315867003C09A3 /* PetShop.app */ = {isa = PBXFileReference; explicitFileType = wrapper.application; includeInIndex = 0; path = PetShop.app; sourceTree = BUILT_PRODUCTS_DIR; };
		75B9302428315867003C09A3 /* AppDelegate.swift */ = {isa = PBXFileReference; lastKnownFileType = sourcecode.swift; path = AppDelegate.swift; sourceTree = "<group>"; };
		75B9302628315867003C09A3 /* SceneDelegate.swift */ = {isa = PBXFileReference; lastKnownFileType = sourcecode.swift; path = SceneDelegate.swift; sourceTree = "<group>"; };
		75B9302828315867003C09A3 /* ViewController.swift */ = {isa = PBXFileReference; lastKnownFileType = sourcecode.swift; path = ViewController.swift; sourceTree = "<group>"; };
		75B9302B28315867003C09A3 /* Base */ = {isa = PBXFileReference; lastKnownFileType = file.storyboard; name = Base; path = Base.lproj/Main.storyboard; sourceTree = "<group>"; };
		75B9302D28315869003C09A3 /* Assets.xcassets */ = {isa = PBXFileReference; lastKnownFileType = folder.assetcatalog; path = Assets.xcassets; sourceTree = "<group>"; };
		75B9303028315869003C09A3 /* Base */ = {isa = PBXFileReference; lastKnownFileType = file.storyboard; name = Base; path = Base.lproj/LaunchScreen.storyboard; sourceTree = "<group>"; };
		75B930322831586A003C09A3 /* Info.plist */ = {isa = PBXFileReference; lastKnownFileType = text.plist.xml; path = Info.plist; sourceTree = "<group>"; };
		75B93039283158CF003C09A3 /* RegistrationScreenViewController.swift */ = {isa = PBXFileReference; lastKnownFileType = sourcecode.swift; path = RegistrationScreenViewController.swift; sourceTree = "<group>"; };
		75B9303B28315909003C09A3 /* RegistrationScreenUIView.swift */ = {isa = PBXFileReference; lastKnownFileType = sourcecode.swift; path = RegistrationScreenUIView.swift; sourceTree = "<group>"; };
/* End PBXFileReference section */

/* Begin PBXFrameworksBuildPhase section */
		75B9301E28315867003C09A3 /* Frameworks */ = {
			isa = PBXFrameworksBuildPhase;
			buildActionMask = 2147483647;
			files = (
			);
			runOnlyForDeploymentPostprocessing = 0;
		};
/* End PBXFrameworksBuildPhase section */

/* Begin PBXGroup section */
		75B0B821284BEF7B003D5390 /* mainScreen */ = {
			isa = PBXGroup;
			children = (
				75B0B822284BEFA2003D5390 /* MainScreenViewController.swift */,
				75B0B824284BEFCE003D5390 /* MainScreenUIView.swift */,
				7563377F284D3AF900FE1A55 /* PopularBrandsCollectionViewController.swift */,
				75AC4E54284E689100889BA0 /* PopularBrandsCollectionViewCell.swift */,
				752C4989284FB99E009FEE9D /* ContainerViewController.swift */,
			);
			path = mainScreen;
			sourceTree = "<group>";
		};
		75B9301828315867003C09A3 = {
			isa = PBXGroup;
			children = (
				75B9302328315867003C09A3 /* PetShop */,
				75B9302228315867003C09A3 /* Products */,
			);
			sourceTree = "<group>";
		};
		75B9302228315867003C09A3 /* Products */ = {
			isa = PBXGroup;
			children = (
				75B9302128315867003C09A3 /* PetShop.app */,
			);
			name = Products;
			sourceTree = "<group>";
		};
		75B9302328315867003C09A3 /* PetShop */ = {
			isa = PBXGroup;
			children = (
				75B0B821284BEF7B003D5390 /* mainScreen */,
				75B9303828315879003C09A3 /* registrationScreen */,
				75B9302428315867003C09A3 /* AppDelegate.swift */,
				75B9302628315867003C09A3 /* SceneDelegate.swift */,
				75B9302828315867003C09A3 /* ViewController.swift */,
				75B9302A28315867003C09A3 /* Main.storyboard */,
				75B9302D28315869003C09A3 /* Assets.xcassets */,
				75B9302F28315869003C09A3 /* LaunchScreen.storyboard */,
				75B930322831586A003C09A3 /* Info.plist */,
			);
			path = PetShop;
			sourceTree = "<group>";
		};
		75B9303828315879003C09A3 /* registrationScreen */ = {
			isa = PBXGroup;
			children = (
				75B9303D28315B6A003C09A3 /* DataModel */,
				75B93039283158CF003C09A3 /* RegistrationScreenViewController.swift */,
				75B9303B28315909003C09A3 /* RegistrationScreenUIView.swift */,
			);
			path = registrationScreen;
			sourceTree = "<group>";
		};
		75B9303D28315B6A003C09A3 /* DataModel */ = {
			isa = PBXGroup;
			children = (
			);
			path = DataModel;
			sourceTree = "<group>";
		};
/* End PBXGroup section */

/* Begin PBXNativeTarget section */
		75B9302028315867003C09A3 /* PetShop */ = {
			isa = PBXNativeTarget;
			buildConfigurationList = 75B930352831586A003C09A3 /* Build configuration list for PBXNativeTarget "PetShop" */;
			buildPhases = (
				75B9301D28315867003C09A3 /* Sources */,
				75B9301E28315867003C09A3 /* Frameworks */,
				75B9301F28315867003C09A3 /* Resources */,
			);
			buildRules = (
			);
			dependencies = (
			);
			name = PetShop;
			productName = PetShop;
			productReference = 75B9302128315867003C09A3 /* PetShop.app */;
			productType = "com.apple.product-type.application";
		};
/* End PBXNativeTarget section */

/* Begin PBXProject section */
		75B9301928315867003C09A3 /* Project object */ = {
			isa = PBXProject;
			attributes = {
				BuildIndependentTargetsInParallel = 1;
				LastSwiftUpdateCheck = 1330;
				LastUpgradeCheck = 1330;
				TargetAttributes = {
					75B9302028315867003C09A3 = {
						CreatedOnToolsVersion = 13.3;
					};
				};
			};
			buildConfigurationList = 75B9301C28315867003C09A3 /* Build configuration list for PBXProject "PetShop" */;
			compatibilityVersion = "Xcode 13.0";
			developmentRegion = en;
			hasScannedForEncodings = 0;
			knownRegions = (
				en,
				Base,
			);
			mainGroup = 75B9301828315867003C09A3;
			productRefGroup = 75B9302228315867003C09A3 /* Products */;
			projectDirPath = "";
			projectRoot = "";
			targets = (
				75B9302028315867003C09A3 /* PetShop */,
			);
		};
/* End PBXProject section */

/* Begin PBXResourcesBuildPhase section */
		75B9301F28315867003C09A3 /* Resources */ = {
			isa = PBXResourcesBuildPhase;
			buildActionMask = 2147483647;
			files = (
				75B9303128315869003C09A3 /* LaunchScreen.storyboard in Resources */,
				75B9302E28315869003C09A3 /* Assets.xcassets in Resources */,
				75B9302C28315867003C09A3 /* Main.storyboard in Resources */,
			);
			runOnlyForDeploymentPostprocessing = 0;
		};
/* End PBXResourcesBuildPhase section */

/* Begin PBXSourcesBuildPhase section */
		75B9301D28315867003C09A3 /* Sources */ = {
			isa = PBXSourcesBuildPhase;
			buildActionMask = 2147483647;
			files = (
				75B9302928315867003C09A3 /* ViewController.swift in Sources */,
				75B9302528315867003C09A3 /* AppDelegate.swift in Sources */,
				752C498A284FB99E009FEE9D /* ContainerViewController.swift in Sources */,
				75B0B825284BEFCE003D5390 /* MainScreenUIView.swift in Sources */,
				75B9303C28315909003C09A3 /* RegistrationScreenUIView.swift in Sources */,
				75B9303A283158CF003C09A3 /* RegistrationScreenViewController.swift in Sources */,
				75B9302728315867003C09A3 /* SceneDelegate.swift in Sources */,
				75633780284D3AF900FE1A55 /* PopularBrandsCollectionViewController.swift in Sources */,
				75AC4E55284E689100889BA0 /* PopularBrandsCollectionViewCell.swift in Sources */,
				75B0B823284BEFA2003D5390 /* MainScreenViewController.swift in Sources */,
			);
			runOnlyForDeploymentPostprocessing = 0;
		};
/* End PBXSourcesBuildPhase section */

/* Begin PBXVariantGroup section */
		75B9302A28315867003C09A3 /* Main.storyboard */ = {
			isa = PBXVariantGroup;
			children = (
				75B9302B28315867003C09A3 /* Base */,
			);
			name = Main.storyboard;
			sourceTree = "<group>";
		};
		75B9302F28315869003C09A3 /* LaunchScreen.storyboard */ = {
			isa = PBXVariantGroup;
			children = (
				75B9303028315869003C09A3 /* Base */,
			);
			name = LaunchScreen.storyboard;
			sourceTree = "<group>";
		};
/* End PBXVariantGroup section */

/* Begin XCBuildConfiguration section */
		75B930332831586A003C09A3 /* Debug */ = {
			isa = XCBuildConfiguration;
			buildSettings = {
				ALWAYS_SEARCH_USER_PATHS = NO;
				CLANG_ANALYZER_NONNULL = YES;
				CLANG_ANALYZER_NUMBER_OBJECT_CONVERSION = YES_AGGRESSIVE;
				CLANG_CXX_LANGUAGE_STANDARD = "gnu++17";
				CLANG_ENABLE_MODULES = YES;
				CLANG_ENABLE_OBJC_ARC = YES;
				CLANG_ENABLE_OBJC_WEAK = YES;
				CLANG_WARN_BLOCK_CAPTURE_AUTORELEASING = YES;
				CLANG_WARN_BOOL_CONVERSION = YES;
				CLANG_WARN_COMMA = YES;
				CLANG_WARN_CONSTANT_CONVERSION = YES;
				CLANG_WARN_DEPRECATED_OBJC_IMPLEMENTATIONS = YES;
				CLANG_WARN_DIRECT_OBJC_ISA_USAGE = YES_ERROR;
				CLANG_WARN_DOCUMENTATION_COMMENTS = YES;
				CLANG_WARN_EMPTY_BODY = YES;
				CLANG_WARN_ENUM_CONVERSION = YES;
				CLANG_WARN_INFINITE_RECURSION = YES;
				CLANG_WARN_INT_CONVERSION = YES;
				CLANG_WARN_NON_LITERAL_NULL_CONVERSION = YES;
				CLANG_WARN_OBJC_IMPLICIT_RETAIN_SELF = YES;
				CLANG_WARN_OBJC_LITERAL_CONVERSION = YES;
				CLANG_WARN_OBJC_ROOT_CLASS = YES_ERROR;
				CLANG_WARN_QUOTED_INCLUDE_IN_FRAMEWORK_HEADER = YES;
				CLANG_WARN_RANGE_LOOP_ANALYSIS = YES;
				CLANG_WARN_STRICT_PROTOTYPES = YES;
				CLANG_WARN_SUSPICIOUS_MOVE = YES;
				CLANG_WARN_UNGUARDED_AVAILABILITY = YES_AGGRESSIVE;
				CLANG_WARN_UNREACHABLE_CODE = YES;
				CLANG_WARN__DUPLICATE_METHOD_MATCH = YES;
				COPY_PHASE_STRIP = NO;
				DEBUG_INFORMATION_FORMAT = dwarf;
				ENABLE_STRICT_OBJC_MSGSEND = YES;
				ENABLE_TESTABILITY = YES;
				GCC_C_LANGUAGE_STANDARD = gnu11;
				GCC_DYNAMIC_NO_PIC = NO;
				GCC_NO_COMMON_BLOCKS = YES;
				GCC_OPTIMIZATION_LEVEL = 0;
				GCC_PREPROCESSOR_DEFINITIONS = (
					"DEBUG=1",
					"$(inherited)",
				);
				GCC_WARN_64_TO_32_BIT_CONVERSION = YES;
				GCC_WARN_ABOUT_RETURN_TYPE = YES_ERROR;
				GCC_WARN_UNDECLARED_SELECTOR = YES;
				GCC_WARN_UNINITIALIZED_AUTOS = YES_AGGRESSIVE;
				GCC_WARN_UNUSED_FUNCTION = YES;
				GCC_WARN_UNUSED_VARIABLE = YES;
				IPHONEOS_DEPLOYMENT_TARGET = 15.4;
				MTL_ENABLE_DEBUG_INFO = INCLUDE_SOURCE;
				MTL_FAST_MATH = YES;
				ONLY_ACTIVE_ARCH = YES;
				SDKROOT = iphoneos;
				SWIFT_ACTIVE_COMPILATION_CONDITIONS = DEBUG;
				SWIFT_OPTIMIZATION_LEVEL = "-Onone";
			};
			name = Debug;
		};
		75B930342831586A003C09A3 /* Release */ = {
			isa = XCBuildConfiguration;
			buildSettings = {
				ALWAYS_SEARCH_USER_PATHS = NO;
				CLANG_ANALYZER_NONNULL = YES;
				CLANG_ANALYZER_NUMBER_OBJECT_CONVERSION = YES_AGGRESSIVE;
				CLANG_CXX_LANGUAGE_STANDARD = "gnu++17";
				CLANG_ENABLE_MODULES = YES;
				CLANG_ENABLE_OBJC_ARC = YES;
				CLANG_ENABLE_OBJC_WEAK = YES;
				CLANG_WARN_BLOCK_CAPTURE_AUTORELEASING = YES;
				CLANG_WARN_BOOL_CONVERSION = YES;
				CLANG_WARN_COMMA = YES;
				CLANG_WARN_CONSTANT_CONVERSION = YES;
				CLANG_WARN_DEPRECATED_OBJC_IMPLEMENTATIONS = YES;
				CLANG_WARN_DIRECT_OBJC_ISA_USAGE = YES_ERROR;
				CLANG_WARN_DOCUMENTATION_COMMENTS = YES;
				CLANG_WARN_EMPTY_BODY = YES;
				CLANG_WARN_ENUM_CONVERSION = YES;
				CLANG_WARN_INFINITE_RECURSION = YES;
				CLANG_WARN_INT_CONVERSION = YES;
				CLANG_WARN_NON_LITERAL_NULL_CONVERSION = YES;
				CLANG_WARN_OBJC_IMPLICIT_RETAIN_SELF = YES;
				CLANG_WARN_OBJC_LITERAL_CONVERSION = YES;
				CLANG_WARN_OBJC_ROOT_CLASS = YES_ERROR;
				CLANG_WARN_QUOTED_INCLUDE_IN_FRAMEWORK_HEADER = YES;
				CLANG_WARN_RANGE_LOOP_ANALYSIS = YES;
				CLANG_WARN_STRICT_PROTOTYPES = YES;
				CLANG_WARN_SUSPICIOUS_MOVE = YES;
				CLANG_WARN_UNGUARDED_AVAILABILITY = YES_AGGRESSIVE;
				CLANG_WARN_UNREACHABLE_CODE = YES;
				CLANG_WARN__DUPLICATE_METHOD_MATCH = YES;
				COPY_PHASE_STRIP = NO;
				DEBUG_INFORMATION_FORMAT = "dwarf-with-dsym";
				ENABLE_NS_ASSERTIONS = NO;
				ENABLE_STRICT_OBJC_MSGSEND = YES;
				GCC_C_LANGUAGE_STANDARD = gnu11;
				GCC_NO_COMMON_BLOCKS = YES;
				GCC_WARN_64_TO_32_BIT_CONVERSION = YES;
				GCC_WARN_ABOUT_RETURN_TYPE = YES_ERROR;
				GCC_WARN_UNDECLARED_SELECTOR = YES;
				GCC_WARN_UNINITIALIZED_AUTOS = YES_AGGRESSIVE;
				GCC_WARN_UNUSED_FUNCTION = YES;
				GCC_WARN_UNUSED_VARIABLE = YES;
				IPHONEOS_DEPLOYMENT_TARGET = 15.4;
				MTL_ENABLE_DEBUG_INFO = NO;
				MTL_FAST_MATH = YES;
				SDKROOT = iphoneos;
				SWIFT_COMPILATION_MODE = wholemodule;
				SWIFT_OPTIMIZATION_LEVEL = "-O";
				VALIDATE_PRODUCT = YES;
			};
			name = Release;
		};
		75B930362831586A003C09A3 /* Debug */ = {
			isa = XCBuildConfiguration;
			buildSettings = {
				ASSETCATALOG_COMPILER_APPICON_NAME = AppIcon;
				ASSETCATALOG_COMPILER_GLOBAL_ACCENT_COLOR_NAME = AccentColor;
				CODE_SIGN_STYLE = Automatic;
				CURRENT_PROJECT_VERSION = 1;
				GENERATE_INFOPLIST_FILE = YES;
				INFOPLIST_FILE = PetShop/Info.plist;
				INFOPLIST_KEY_UIApplicationSupportsIndirectInputEvents = YES;
				INFOPLIST_KEY_UILaunchStoryboardName = LaunchScreen;
				INFOPLIST_KEY_UIMainStoryboardFile = Main;
				INFOPLIST_KEY_UISupportedInterfaceOrientations_iPad = "UIInterfaceOrientationPortrait UIInterfaceOrientationPortraitUpsideDown UIInterfaceOrientationLandscapeLeft UIInterfaceOrientationLandscapeRight";
				INFOPLIST_KEY_UISupportedInterfaceOrientations_iPhone = "UIInterfaceOrientationPortrait UIInterfaceOrientationLandscapeLeft UIInterfaceOrientationLandscapeRight";
				LD_RUNPATH_SEARCH_PATHS = (
					"$(inherited)",
					"@executable_path/Frameworks",
				);
				MARKETING_VERSION = 1.0;
				PRODUCT_BUNDLE_IDENTIFIER = PSPrjct.PetShop;
				PRODUCT_NAME = "$(TARGET_NAME)";
				SWIFT_EMIT_LOC_STRINGS = YES;
				SWIFT_VERSION = 5.0;
				TARGETED_DEVICE_FAMILY = "1,2";
			};
			name = Debug;
		};
		75B930372831586A003C09A3 /* Release */ = {
			isa = XCBuildConfiguration;
			buildSettings = {
				ASSETCATALOG_COMPILER_APPICON_NAME = AppIcon;
				ASSETCATALOG_COMPILER_GLOBAL_ACCENT_COLOR_NAME = AccentColor;
				CODE_SIGN_STYLE = Automatic;
				CURRENT_PROJECT_VERSION = 1;
				GENERATE_INFOPLIST_FILE = YES;
				INFOPLIST_FILE = PetShop/Info.plist;
				INFOPLIST_KEY_UIApplicationSupportsIndirectInputEvents = YES;
				INFOPLIST_KEY_UILaunchStoryboardName = LaunchScreen;
				INFOPLIST_KEY_UIMainStoryboardFile = Main;
				INFOPLIST_KEY_UISupportedInterfaceOrientations_iPad = "UIInterfaceOrientationPortrait UIInterfaceOrientationPortraitUpsideDown UIInterfaceOrientationLandscapeLeft UIInterfaceOrientationLandscapeRight";
				INFOPLIST_KEY_UISupportedInterfaceOrientations_iPhone = "UIInterfaceOrientationPortrait UIInterfaceOrientationLandscapeLeft UIInterfaceOrientationLandscapeRight";
				LD_RUNPATH_SEARCH_PATHS = (
					"$(inherited)",
					"@executable_path/Frameworks",
				);
				MARKETING_VERSION = 1.0;
				PRODUCT_BUNDLE_IDENTIFIER = PSPrjct.PetShop;
				PRODUCT_NAME = "$(TARGET_NAME)";
				SWIFT_EMIT_LOC_STRINGS = YES;
				SWIFT_VERSION = 5.0;
				TARGETED_DEVICE_FAMILY = "1,2";
			};
			name = Release;
		};
/* End XCBuildConfiguration section */

/* Begin XCConfigurationList section */
		75B9301C28315867003C09A3 /* Build configuration list for PBXProject "PetShop" */ = {
			isa = XCConfigurationList;
			buildConfigurations = (
				75B930332831586A003C09A3 /* Debug */,
				75B930342831586A003C09A3 /* Release */,
			);
			defaultConfigurationIsVisible = 0;
			defaultConfigurationName = Release;
		};
		75B930352831586A003C09A3 /* Build configuration list for PBXNativeTarget "PetShop" */ = {
			isa = XCConfigurationList;
			buildConfigurations = (
				75B930362831586A003C09A3 /* Debug */,
				75B930372831586A003C09A3 /* Release */,
			);
			defaultConfigurationIsVisible = 0;
			defaultConfigurationName = Release;
		};
/* End XCConfigurationList section */
	};
	rootObject = 75B9301928315867003C09A3 /* Project object */;
}
